# THIS IS AN AUTOGENERATED FILE. DO NOT EDIT THIS FILE DIRECTLY.
# yarn lockfile v1


"@fastify/busboy@^2.0.0":
  version "2.0.0"
  resolved "https://registry.npmjs.org/@fastify/busboy/-/busboy-2.0.0.tgz"
  integrity sha512-JUFJad5lv7jxj926GPgymrWQxxjPYuJNiNjNMzqT+HiuP6Vl3dk5xzG+8sTX96np0ZAluvaMzPsjhHZ5rNuNQQ==

"@types/body-parser@*":
  version "1.19.4"
  resolved "https://registry.yarnpkg.com/@types/body-parser/-/body-parser-1.19.4.tgz#78ad68f1f79eb851aa3634db0c7f57f6f601b462"
  integrity sha512-N7UDG0/xiPQa2D/XrVJXjkWbpqHCd2sBaB32ggRF2l83RhPfamgKGF8gwwqyksS95qUS5ZYF9aF+lLPRlwI2UA==
  dependencies:
    "@types/connect" "*"
    "@types/node" "*"

"@types/connect@*":
  version "3.4.37"
  resolved "https://registry.yarnpkg.com/@types/connect/-/connect-3.4.37.tgz#c66a96689fd3127c8772eb3e9e5c6028ec1a9af5"
  integrity sha512-zBUSRqkfZ59OcwXon4HVxhx5oWCJmc0OtBTK05M+p0dYjgN6iTwIL2T/WbsQZrEsdnwaF9cWQ+azOnpPvIqY3Q==
  dependencies:
    "@types/node" "*"

"@types/express-serve-static-core@^4.17.33":
  version "4.17.39"
  resolved "https://registry.yarnpkg.com/@types/express-serve-static-core/-/express-serve-static-core-4.17.39.tgz#2107afc0a4b035e6cb00accac3bdf2d76ae408c8"
  integrity sha512-BiEUfAiGCOllomsRAZOiMFP7LAnrifHpt56pc4Z7l9K6ACyN06Ns1JLMBxwkfLOjJRlSf06NwWsT7yzfpaVpyQ==
  dependencies:
    "@types/node" "*"
    "@types/qs" "*"
    "@types/range-parser" "*"
    "@types/send" "*"

"@types/express@^4.17.20":
  version "4.17.20"
  resolved "https://registry.yarnpkg.com/@types/express/-/express-4.17.20.tgz#e7c9b40276d29e38a4e3564d7a3d65911e2aa433"
  integrity sha512-rOaqlkgEvOW495xErXMsmyX3WKBInbhG5eqojXYi3cGUaLoRDlXa5d52fkfWZT963AZ3v2eZ4MbKE6WpDAGVsw==
  dependencies:
    "@types/body-parser" "*"
    "@types/express-serve-static-core" "^4.17.33"
    "@types/qs" "*"
    "@types/serve-static" "*"

"@types/http-errors@*":
  version "2.0.3"
  resolved "https://registry.yarnpkg.com/@types/http-errors/-/http-errors-2.0.3.tgz#c54e61f79b3947d040f150abd58f71efb422ff62"
  integrity sha512-pP0P/9BnCj1OVvQR2lF41EkDG/lWWnDyA203b/4Fmi2eTyORnBtcDoKDwjWQthELrBvWkMOrvSOnZ8OVlW6tXA==

"@types/mime@*":
  version "3.0.3"
  resolved "https://registry.yarnpkg.com/@types/mime/-/mime-3.0.3.tgz#886674659ce55fe7c6c06ec5ca7c0eb276a08f91"
  integrity sha512-i8MBln35l856k5iOhKk2XJ4SeAWg75mLIpZB4v6imOagKL6twsukBZGDMNhdOVk7yRFTMPpfILocMos59Q1otQ==

"@types/mime@^1":
  version "1.3.4"
  resolved "https://registry.yarnpkg.com/@types/mime/-/mime-1.3.4.tgz#a4ed836e069491414bab92c31fdea9e557aca0d9"
  integrity sha512-1Gjee59G25MrQGk8bsNvC6fxNiRgUlGn2wlhGf95a59DrprnnHk80FIMMFG9XHMdrfsuA119ht06QPDXA1Z7tw==

"@types/node@*", "@types/node@^20.8.7":
  version "20.8.7"
  resolved "https://registry.npmjs.org/@types/node/-/node-20.8.7.tgz"
  integrity sha512-21TKHHh3eUHIi2MloeptJWALuCu5H7HQTdTrWIFReA8ad+aggoX+lRes3ex7/FtpC+sVUpFMQ+QTfYr74mruiQ==
  dependencies:
    undici-types "~5.25.1"

"@types/qs@*":
  version "6.9.9"
  resolved "https://registry.yarnpkg.com/@types/qs/-/qs-6.9.9.tgz#66f7b26288f6799d279edf13da7ccd40d2fa9197"
  integrity sha512-wYLxw35euwqGvTDx6zfY1vokBFnsK0HNrzc6xNHchxfO2hpuRg74GbkEW7e3sSmPvj0TjCDT1VCa6OtHXnubsg==

"@types/range-parser@*":
  version "1.2.6"
  resolved "https://registry.yarnpkg.com/@types/range-parser/-/range-parser-1.2.6.tgz#7cb33992049fd7340d5b10c0098e104184dfcd2a"
  integrity sha512-+0autS93xyXizIYiyL02FCY8N+KkKPhILhcUSA276HxzreZ16kl+cmwvV2qAM/PuCCwPXzOXOWhiPcw20uSFcA==

"@types/send@*":
  version "0.17.3"
  resolved "https://registry.yarnpkg.com/@types/send/-/send-0.17.3.tgz#81b2ea5a3a18aad357405af2d643ccbe5a09020b"
  integrity sha512-/7fKxvKUoETxjFUsuFlPB9YndePpxxRAOfGC/yJdc9kTjTeP5kRCTzfnE8kPUKCeyiyIZu0YQ76s50hCedI1ug==
  dependencies:
    "@types/mime" "^1"
    "@types/node" "*"

"@types/serve-static@*":
  version "1.15.4"
  resolved "https://registry.yarnpkg.com/@types/serve-static/-/serve-static-1.15.4.tgz#44b5895a68ca637f06c229119e1c774ca88f81b2"
  integrity sha512-aqqNfs1XTF0HDrFdlY//+SGUxmdSUbjeRXb5iaZc3x0/vMbYmdw9qvOgHWOyyLFxSSRnUuP5+724zBgfw8/WAw==
  dependencies:
    "@types/http-errors" "*"
    "@types/mime" "*"
    "@types/node" "*"

call-bind@^1.0.0:
  version "1.0.2"
  resolved "https://registry.npmjs.org/call-bind/-/call-bind-1.0.2.tgz"
  integrity sha512-7O+FbCihrB5WGbFYesctwmTKae6rOiIzmz1icreWJ+0aA7LJfuqhEso2T9ncpcFtzMQtzXf2QGGueWJGTYsqrA==
  dependencies:
    function-bind "^1.1.1"
    get-intrinsic "^1.0.2"

default-user-agent@^1.0.0:
  version "1.0.0"
  resolved "https://registry.npmjs.org/default-user-agent/-/default-user-agent-1.0.0.tgz"
  integrity sha512-bDF7bg6OSNcSwFWPu4zYKpVkJZQYVrAANMYB8bc9Szem1D0yKdm4sa/rOCs2aC9+2GMqQ7KnwtZRvDhmLF0dXw==
  dependencies:
    os-name "~1.0.3"

destroy@^1.0.4:
  version "1.2.0"
  resolved "https://registry.npmjs.org/destroy/-/destroy-1.2.0.tgz"
  integrity sha512-2sJGJTaXIIaR1w4iJSNoN0hnMY7Gpc/n8D4qSCJw8QqFWXf7cuAgnEHxBpweaVcPevC2l3KpjYCx3NypQQgaJg==

digest-header@^1.0.0:
  version "1.1.0"
  resolved "https://registry.npmjs.org/digest-header/-/digest-header-1.1.0.tgz"
  integrity sha512-glXVh42vz40yZb9Cq2oMOt70FIoWiv+vxNvdKdU8CwjLad25qHM3trLxhl9bVjdr6WaslIXhWpn0NO8T/67Qjg==

end-of-stream@^1.1.0:
  version "1.4.4"
  resolved "https://registry.npmjs.org/end-of-stream/-/end-of-stream-1.4.4.tgz"
  integrity sha512-+uw1inIHVPQoaVuHzRyXd21icM+cnt4CzD5rW+NC1wjOUSTOs+Te7FOv7AhN7vS9x/oIyhLP5PR1H+phQAHu5Q==
  dependencies:
    once "^1.4.0"

form-data-encoder@^1.7.2:
  version "1.9.0"
  resolved "https://registry.npmjs.org/form-data-encoder/-/form-data-encoder-1.9.0.tgz"
  integrity sha512-rahaRMkN8P8d/tgK/BLPX+WBVM27NbvdXBxqQujBtkDAIFspaRqN7Od7lfdGQA6KAD+f82fYCLBq1ipvcu8qLw==

formdata-node@^4.3.3:
  version "4.4.1"
  resolved "https://registry.npmjs.org/formdata-node/-/formdata-node-4.4.1.tgz"
  integrity sha512-0iirZp3uVDjVGt9p49aTaqjk84TrglENEDuqfdlZQ1roC9CWlPk6Avf8EEnZNcAqPonwkG35x4n3ww/1THYAeQ==
  dependencies:
    node-domexception "1.0.0"
    web-streams-polyfill "4.0.0-beta.3"

formstream@^1.1.1:
  version "1.3.1"
  resolved "https://registry.npmjs.org/formstream/-/formstream-1.3.1.tgz"
  integrity sha512-FkW++ub+VbE5dpwukJVDizNWhSgp8FhmhI65pF7BZSVStBqe6Wgxe2Z9/Vhsn7l7nXCPwP+G1cyYlX8VwWOf0g==
  dependencies:
    destroy "^1.0.4"
    mime "^2.5.2"
    pause-stream "~0.0.11"

function-bind@^1.1.1:
  version "1.1.2"
  resolved "https://registry.npmjs.org/function-bind/-/function-bind-1.1.2.tgz"
  integrity sha512-7XHNxH7qX9xG5mIwxkhumTox/MIRNcOgDrxWsMt2pAr23WHp6MrRlN7FBSFpCpr+oVO0F744iUgR82nJMfG2SA==

get-intrinsic@^1.0.2:
  version "1.2.1"
  resolved "https://registry.npmjs.org/get-intrinsic/-/get-intrinsic-1.2.1.tgz"
  integrity sha512-2DcsyfABl+gVHEfCOaTrWgyt+tb6MSEGmKq+kI5HwLbIYgjgmMcV8KQ41uaKz1xxUcn9tJtgFbQUEVcEbd0FYw==
  dependencies:
    function-bind "^1.1.1"
    has "^1.0.3"
    has-proto "^1.0.1"
    has-symbols "^1.0.3"

has-proto@^1.0.1:
  version "1.0.1"
  resolved "https://registry.npmjs.org/has-proto/-/has-proto-1.0.1.tgz"
  integrity sha512-7qE+iP+O+bgF9clE5+UoBFzE65mlBiVj3tKCrlNQ0Ogwm0BjpT/gK4SlLYDMybDh5I3TCTKnPPa0oMG7JDYrhg==

has-symbols@^1.0.3:
  version "1.0.3"
  resolved "https://registry.npmjs.org/has-symbols/-/has-symbols-1.0.3.tgz"
  integrity sha512-l3LCuF6MgDNwTDKkdYGEihYjt5pRPbEg46rtlmnSPlUbgmB8LOIrKJbYYFBSbnPaJexMKtiPO8hmeRjRz2Td+A==

has@^1.0.3:
  version "1.0.4"
  resolved "https://registry.npmjs.org/has/-/has-1.0.4.tgz"
  integrity sha512-qdSAmqLF6209RFj4VVItywPMbm3vWylknmB3nvNiUIs72xAimcM8nVYxYr7ncvZq5qzk9MKIZR8ijqD/1QuYjQ==

mime-db@1.52.0:
  version "1.52.0"
  resolved "https://registry.npmjs.org/mime-db/-/mime-db-1.52.0.tgz"
  integrity sha512-sPU4uV7dYlvtWJxwwxHD0PuihVNiE7TyAbQ5SWxDCB9mUYvOgroQOwYQQOKPJ8CIbE+1ETVlOoK1UC2nU3gYvg==

mime-types@^2.1.35:
  version "2.1.35"
  resolved "https://registry.npmjs.org/mime-types/-/mime-types-2.1.35.tgz"
  integrity sha512-ZDY+bPm5zTTF+YpCrAU9nK0UgICYPT0QtT1NZWFv4s++TNkcgVaT0g6+4R2uI4MjQjzysHB1zxuWL50hzaeXiw==
  dependencies:
    mime-db "1.52.0"

mime@^2.5.2:
  version "2.6.0"
  resolved "https://registry.npmjs.org/mime/-/mime-2.6.0.tgz"
  integrity sha512-USPkMeET31rOMiarsBNIHZKLGgvKc/LrjofAnBlOttf5ajRvqiRA8QsenbcooctK6d6Ts6aqZXBA+XbkKthiQg==

minimist@^1.1.0:
  version "1.2.8"
  resolved "https://registry.npmjs.org/minimist/-/minimist-1.2.8.tgz"
  integrity sha512-2yyAR8qBkN3YuheJanUpWC5U3bb5osDywNB8RzDVlDwDHbocAJveqqj1u8+SVD7jkWT4yvsHCpWqqWqAxb0zCA==

node-domexception@1.0.0:
  version "1.0.0"
  resolved "https://registry.npmjs.org/node-domexception/-/node-domexception-1.0.0.tgz"
  integrity sha512-/jKZoMpw0F8GRwl4/eLROPA3cfcXtLApP0QzLmUT/HuPCZWyB7IY9ZrMeKw2O/nFIqPQB3PVM9aYm0F312AXDQ==

object-inspect@^1.9.0:
  version "1.13.0"
  resolved "https://registry.npmjs.org/object-inspect/-/object-inspect-1.13.0.tgz"
  integrity sha512-HQ4J+ic8hKrgIt3mqk6cVOVrW2ozL4KdvHlqpBv9vDYWx9ysAgENAdvy4FoGF+KFdhR7nQTNm5J0ctAeOwn+3g==

once@^1.3.1, once@^1.4.0:
  version "1.4.0"
  resolved "https://registry.npmjs.org/once/-/once-1.4.0.tgz"
  integrity sha512-lNaJgI+2Q5URQBkccEKHTQOPaXdUxnZZElQTZY0MFUAuaEqe1E+Nyvgdz/aIyNi6Z9MzO5dv1H8n58/GELp3+w==
  dependencies:
    wrappy "1"

os-name@~1.0.3:
  version "1.0.3"
  resolved "https://registry.npmjs.org/os-name/-/os-name-1.0.3.tgz"
  integrity sha512-f5estLO2KN8vgtTRaILIgEGBoBrMnZ3JQ7W9TMZCnOIGwHe8TRGSpcagnWDo+Dfhd/z08k9Xe75hvciJJ8Qaew==
  dependencies:
    osx-release "^1.0.0"
    win-release "^1.0.0"

osx-release@^1.0.0:
  version "1.1.0"
  resolved "https://registry.npmjs.org/osx-release/-/osx-release-1.1.0.tgz"
  integrity sha512-ixCMMwnVxyHFQLQnINhmIpWqXIfS2YOXchwQrk+OFzmo6nDjQ0E4KXAyyUh0T0MZgV4bUhkRrAbVqlE4yLVq4A==
  dependencies:
    minimist "^1.1.0"

pause-stream@~0.0.11:
  version "0.0.11"
  resolved "https://registry.npmjs.org/pause-stream/-/pause-stream-0.0.11.tgz"
  integrity sha512-e3FBlXLmN/D1S+zHzanP4E/4Z60oFAa3O051qt1pxa7DEJWKAyil6upYVXCWadEnuoqa4Pkc9oUx9zsxYeRv8A==
  dependencies:
    through "~2.3"

pump@^3.0.0:
  version "3.0.0"
  resolved "https://registry.npmjs.org/pump/-/pump-3.0.0.tgz"
  integrity sha512-LwZy+p3SFs1Pytd/jYct4wpv49HiYCqd9Rlc5ZVdk0V+8Yzv6jR5Blk3TRmPL1ft69TxP0IMZGJ+WPFU2BFhww==
  dependencies:
    end-of-stream "^1.1.0"
    once "^1.3.1"

qs@^6.11.2:
  version "6.11.2"
  resolved "https://registry.npmjs.org/qs/-/qs-6.11.2.tgz"
  integrity sha512-tDNIz22aBzCDxLtVH++VnTfzxlfeK5CbqohpSqpJgj1Wg/cQbStNAz3NuqCs5vV+pjBsK4x4pN9HlVh7rcYRiA==
  dependencies:
    side-channel "^1.0.4"

semver@^5.0.1:
  version "5.7.2"
  resolved "https://registry.npmjs.org/semver/-/semver-5.7.2.tgz"
  integrity sha512-cBznnQ9KjJqU67B52RMC65CMarK2600WFnbkcaiwWq3xy/5haFJlshgnpjovMVJ+Hff49d8GEn0b87C5pDQ10g==

side-channel@^1.0.4:
  version "1.0.4"
  resolved "https://registry.npmjs.org/side-channel/-/side-channel-1.0.4.tgz"
  integrity sha512-q5XPytqFEIKHkGdiMIrY10mvLRvnQh42/+GoBlFW3b2LXLE2xxJpZFdm94we0BaoV3RwJyGqg5wS7epxTv0Zvw==
  dependencies:
    call-bind "^1.0.0"
    get-intrinsic "^1.0.2"
    object-inspect "^1.9.0"

through@~2.3:
  version "2.3.8"
  resolved "https://registry.npmjs.org/through/-/through-2.3.8.tgz"
  integrity sha512-w89qg7PI8wAdvX60bMDP+bFoD5Dvhm9oLheFp5O4a2QF0cSBGsBX4qZmadPMvVqlLJBBci+WqGGOAPvcDeNSVg==

type-fest@^4.3.1:
  version "4.5.0"
  resolved "https://registry.npmjs.org/type-fest/-/type-fest-4.5.0.tgz"
  integrity sha512-diLQivFzddJl4ylL3jxSkEc39Tpw7o1QeEHIPxVwryDK2lpB7Nqhzhuo6v5/Ls08Z0yPSAhsyAWlv1/H0ciNmw==

undici-types@~5.25.1:
  version "5.25.3"
  resolved "https://registry.npmjs.org/undici-types/-/undici-types-5.25.3.tgz"
  integrity sha512-Ga1jfYwRn7+cP9v8auvEXN1rX3sWqlayd4HP7OKk4mZWylEmu3KzXDUGrQUN6Ol7qo1gPvB2e5gX6udnyEPgdA==

undici@^5.22.1:
  version "5.26.4"
  resolved "https://registry.npmjs.org/undici/-/undici-5.26.4.tgz"
  integrity sha512-OG+QOf0fTLtazL9P9X7yqWxQ+Z0395Wk6DSkyTxtaq3wQEjIroVe7Y4asCX/vcCxYpNGMnwz8F0qbRYUoaQVMw==
  dependencies:
    "@fastify/busboy" "^2.0.0"

urllib@^3.19.3:
  version "3.19.3"
  resolved "https://registry.npmjs.org/urllib/-/urllib-3.19.3.tgz"
  integrity sha512-QEEBgRN94uPoVatOmZttfJTVdPKc+U96i/JH1zXgUA+dw3I3k+3d9Dzr1YafI92/r0V/4ypDH75zll93RDrp3w==
  dependencies:
    default-user-agent "^1.0.0"
    digest-header "^1.0.0"
    form-data-encoder "^1.7.2"
    formdata-node "^4.3.3"
    formstream "^1.1.1"
    mime-types "^2.1.35"
    pump "^3.0.0"
    qs "^6.11.2"
    type-fest "^4.3.1"
    undici "^5.22.1"
    ylru "^1.3.2"

web-streams-polyfill@4.0.0-beta.3:
  version "4.0.0-beta.3"
  resolved "https://registry.npmjs.org/web-streams-polyfill/-/web-streams-polyfill-4.0.0-beta.3.tgz"
  integrity sha512-QW95TCTaHmsYfHDybGMwO5IJIM93I/6vTRk+daHTWFPhwh+C8Cg7j7XyKrwrj8Ib6vYXe0ocYNrmzY4xAAN6ug==

win-release@^1.0.0:
  version "1.1.1"
  resolved "https://registry.npmjs.org/win-release/-/win-release-1.1.1.tgz"
  integrity sha512-iCRnKVvGxOQdsKhcQId2PXV1vV3J/sDPXKA4Oe9+Eti2nb2ESEsYHRYls/UjoUW3bIc5ZDO8dTH50A/5iVN+bw==
  dependencies:
    semver "^5.0.1"

wrappy@1:
  version "1.0.2"
  resolved "https://registry.npmjs.org/wrappy/-/wrappy-1.0.2.tgz"
  integrity sha512-l4Sp/DRseor9wL6EvV2+TuQn63dMkPjZ/sp9XkghTEbV9KlPS1xUsZ3u7/IQO4wxtcFB4bgpQPRcR3QCvezPcQ==

ylru@^1.3.2:
  version "1.3.2"
  resolved "https://registry.npmjs.org/ylru/-/ylru-1.3.2.tgz"
  integrity sha512-RXRJzMiK6U2ye0BlGGZnmpwJDPgakn6aNQ0A7gHRbD4I0uvK4TW6UqkK1V0pp9jskjJBAXd3dRrbzWkqJ+6cxA==
